
Microsoft Visual Studio Solution File, Format Version 12.00
# Visual Studio Version 17
VisualStudioVersion = 17.3.32901.215
MinimumVisualStudioVersion = 10.0.40219.1
Project("{FAE04EC0-301F-11D3-BF4B-00C04F79EFBC}") = "DND_App", "DND_App\DND_App.csproj", "{6D7DC410-B197-43E5-877C-C09A5BC35771}"
EndProject
Global
	GlobalSection(SolutionConfigurationPlatforms) = preSolution
		Debug|Any CPU = Debug|Any CPU
		Release|Any CPU = Release|Any CPU
	EndGlobalSection
	GlobalSection(ProjectConfigurationPlatforms) = postSolution
		{6D7DC410-B197-43E5-877C-C09A5BC35771}.Debug|Any CPU.ActiveCfg = Debug|Any CPU
		{6D7DC410-B197-43E5-877C-C09A5BC35771}.Debug|Any CPU.Build.0 = Debug|Any CPU
		{6D7DC410-B197-43E5-877C-C09A5BC35771}.Release|Any CPU.ActiveCfg = Release|Any CPU
		{6D7DC410-B197-43E5-877C-C09A5BC35771}.Release|Any CPU.Build.0 = Release|Any CPU
	EndGlobalSection
	GlobalSection(SolutionProperties) = preSolution
		HideSolutionNode = FALSE
	EndGlobalSection
	GlobalSection(ExtensibilityGlobals) = postSolution
		SolutionGuid = {3548FF9C-7D27-4B1E-9F08-0FB3493E0037}
	EndGlobalSection
EndGlobal
