
Microsoft Visual Studio Solution File, Format Version 12.00
# Visual Studio Version 17
VisualStudioVersion = 17.3.32901.215
MinimumVisualStudioVersion = 10.0.40219.1
Project("{FAE04EC0-301F-11D3-BF4B-00C04F79EFBC}") = "Api_DnD", "Api_DnD\Api_DnD.csproj", "{78C91E45-3D84-4B95-B9F4-90A784B438CD}"
EndProject
Global
	GlobalSection(SolutionConfigurationPlatforms) = preSolution
		Debug|Any CPU = Debug|Any CPU
		Release|Any CPU = Release|Any CPU
	EndGlobalSection
	GlobalSection(ProjectConfigurationPlatforms) = postSolution
		{78C91E45-3D84-4B95-B9F4-90A784B438CD}.Debug|Any CPU.ActiveCfg = Debug|Any CPU
		{78C91E45-3D84-4B95-B9F4-90A784B438CD}.Debug|Any CPU.Build.0 = Debug|Any CPU
		{78C91E45-3D84-4B95-B9F4-90A784B438CD}.Release|Any CPU.ActiveCfg = Release|Any CPU
		{78C91E45-3D84-4B95-B9F4-90A784B438CD}.Release|Any CPU.Build.0 = Release|Any CPU
	EndGlobalSection
	GlobalSection(SolutionProperties) = preSolution
		HideSolutionNode = FALSE
	EndGlobalSection
	GlobalSection(ExtensibilityGlobals) = postSolution
		SolutionGuid = {9BAD8874-2E78-4152-986B-6EEEB9589A4B}
	EndGlobalSection
EndGlobal
